<?xml version="1.0" encoding="utf-8"?>
<Project ToolsVersion="4.0" xmlns="http://schemas.microsoft.com/developer/msbuild/2003">
  <ItemGroup>
    <ClCompile Include="Sources\Pacman.cpp" />
    <ClCompile Include="Sources\Menu.cpp">
      <Filter>States</Filter>
    </ClCompile>
    <ClCompile Include="Sources\Game.cpp">
      <Filter>States</Filter>
    </ClCompile>
    <ClCompile Include="Sources\Level.cpp">
      <Filter>Objects</Filter>
    </ClCompile>
    <ClCompile Include="Sources\SaveGame.cpp" />
    <ClCompile Include="Sources\Player.cpp">
      <Filter>Game</Filter>
    </ClCompile>
    <ClCompile Include="Sources\MovingObject.cpp">
      <Filter>Game</Filter>
    </ClCompile>
  </ItemGroup>
  <ItemGroup>
    <ClInclude Include="Sources\Config.h" />
    <ClInclude Include="Sources\Menu.h">
      <Filter>States</Filter>
    </ClInclude>
    <ClInclude Include="Sources\Game.h">
      <Filter>States</Filter>
    </ClInclude>
    <ClInclude Include="Sources\Level.h">
      <Filter>Objects</Filter>
    </ClInclude>
    <ClInclude Include="Sources\SaveGame.h" />
    <ClInclude Include="Sources\Player.h">
      <Filter>Game</Filter>
    </ClInclude>
    <ClInclude Include="Sources\MovingObject.h">
      <Filter>Game</Filter>
    </ClInclude>
  </ItemGroup>
  <ItemGroup>
    <Filter Include="States">
      <UniqueIdentifier>{dfd5f107-c2a9-46a5-8657-e13e6120edc9}</UniqueIdentifier>
    </Filter>
    <Filter Include="Objects">
      <UniqueIdentifier>{029ba0d0-2b04-4180-8cf1-6d3746a5d8b2}</UniqueIdentifier>
    </Filter>
    <Filter Include="Game">
      <UniqueIdentifier>{2bafd0fe-9fa9-4b17-bbde-1c808e8d4a98}</UniqueIdentifier>
    </Filter>
  </ItemGroup>
</Project>